// !$*UTF8*$!
{
	archiveVersion = 1;
	classes = {
	};
	objectVersion = 46;
	objects = {

/* Begin PBXBuildFile section */
		84F367E61E9DCF5F00CF1422 /* AppDelegate.swift in Sources */ = {isa = PBXBuildFile; fileRef = 84F367E51E9DCF5F00CF1422 /* AppDelegate.swift */; };
		84F367E81E9DCF5F00CF1422 /* ViewController.swift in Sources */ = {isa = PBXBuildFile; fileRef = 84F367E71E9DCF5F00CF1422 /* ViewController.swift */; };
		84F367EB1E9DCF5F00CF1422 /* Main.storyboard in Resources */ = {isa = PBXBuildFile; fileRef = 84F367E91E9DCF5F00CF1422 /* Main.storyboard */; };
		84F367ED1E9DCF5F00CF1422 /* Assets.xcassets in Resources */ = {isa = PBXBuildFile; fileRef = 84F367EC1E9DCF5F00CF1422 /* Assets.xcassets */; };
		84F367F01E9DCF5F00CF1422 /* LaunchScreen.storyboard in Resources */ = {isa = PBXBuildFile; fileRef = 84F367EE1E9DCF5F00CF1422 /* LaunchScreen.storyboard */; };
		84F367F81E9DD03900CF1422 /* ScrollLabel.swift in Sources */ = {isa = PBXBuildFile; fileRef = 84F367F71E9DD03900CF1422 /* ScrollLabel.swift */; };
		84F367FA1E9DD03F00CF1422 /* SortLabel.swift in Sources */ = {isa = PBXBuildFile; fileRef = 84F367F91E9DD03F00CF1422 /* SortLabel.swift */; };
/* End PBXBuildFile section */

/* Begin PBXFileReference section */
		84F367E21E9DCF5F00CF1422 /* LLabel.app */ = {isa = PBXFileReference; explicitFileType = wrapper.application; includeInIndex = 0; path = LLabel.app; sourceTree = BUILT_PRODUCTS_DIR; };
		84F367E51E9DCF5F00CF1422 /* AppDelegate.swift */ = {isa = PBXFileReference; lastKnownFileType = sourcecode.swift; path = AppDelegate.swift; sourceTree = "<group>"; };
		84F367E71E9DCF5F00CF1422 /* ViewController.swift */ = {isa = PBXFileReference; lastKnownFileType = sourcecode.swift; path = ViewController.swift; sourceTree = "<group>"; };
		84F367EA1E9DCF5F00CF1422 /* Base */ = {isa = PBXFileReference; lastKnownFileType = file.storyboard; name = Base; path = Base.lproj/Main.storyboard; sourceTree = "<group>"; };
		84F367EC1E9DCF5F00CF1422 /* Assets.xcassets */ = {isa = PBXFileReference; lastKnownFileType = folder.assetcatalog; path = Assets.xcassets; sourceTree = "<group>"; };
		84F367EF1E9DCF5F00CF1422 /* Base */ = {isa = PBXFileReference; lastKnownFileType = file.storyboard; name = Base; path = Base.lproj/LaunchScreen.storyboard; sourceTree = "<group>"; };
		84F367F11E9DCF5F00CF1422 /* Info.plist */ = {isa = PBXFileReference; lastKnownFileType = text.plist.xml; path = Info.plist; sourceTree = "<group>"; };
		84F367F71E9DD03900CF1422 /* ScrollLabel.swift */ = {isa = PBXFileReference; fileEncoding = 4; lastKnownFileType = sourcecode.swift; path = ScrollLabel.swift; sourceTree = "<group>"; };
		84F367F91E9DD03F00CF1422 /* SortLabel.swift */ = {isa = PBXFileReference; fileEncoding = 4; lastKnownFileType = sourcecode.swift; path = SortLabel.swift; sourceTree = "<group>"; };
/* End PBXFileReference section */

/* Begin PBXFrameworksBuildPhase section */
		84F367DF1E9DCF5F00CF1422 /* Frameworks */ = {
			isa = PBXFrameworksBuildPhase;
			buildActionMask = 2147483647;
			files = (
			);
			runOnlyForDeploymentPostprocessing = 0;
		};
/* End PBXFrameworksBuildPhase section */

/* Begin PBXGroup section */
		84F367D91E9DCF5F00CF1422 = {
			isa = PBXGroup;
			children = (
				84F367E41E9DCF5F00CF1422 /* LLabel */,
				84F367E31E9DCF5F00CF1422 /* Products */,
			);
			sourceTree = "<group>";
		};
		84F367E31E9DCF5F00CF1422 /* Products */ = {
			isa = PBXGroup;
			children = (
				84F367E21E9DCF5F00CF1422 /* LLabel.app */,
			);
			name = Products;
			sourceTree = "<group>";
		};
		84F367E41E9DCF5F00CF1422 /* LLabel */ = {
			isa = PBXGroup;
			children = (
				84F367E51E9DCF5F00CF1422 /* AppDelegate.swift */,
				84F367E71E9DCF5F00CF1422 /* ViewController.swift */,
				84F367F71E9DD03900CF1422 /* ScrollLabel.swift */,
				84F367F91E9DD03F00CF1422 /* SortLabel.swift */,
				84F367E91E9DCF5F00CF1422 /* Main.storyboard */,
				84F367EC1E9DCF5F00CF1422 /* Assets.xcassets */,
				84F367EE1E9DCF5F00CF1422 /* LaunchScreen.storyboard */,
				84F367F11E9DCF5F00CF1422 /* Info.plist */,
			);
			path = LLabel;
			sourceTree = "<group>";
		};
/* End PBXGroup section */

/* Begin PBXNativeTarget section */
		84F367E11E9DCF5F00CF1422 /* LLabel */ = {
			isa = PBXNativeTarget;
			buildConfigurationList = 84F367F41E9DCF5F00CF1422 /* Build configuration list for PBXNativeTarget "LLabel" */;
			buildPhases = (
				84F367DE1E9DCF5F00CF1422 /* Sources */,
				84F367DF1E9DCF5F00CF1422 /* Frameworks */,
				84F367E01E9DCF5F00CF1422 /* Resources */,
			);
			buildRules = (
			);
			dependencies = (
			);
			name = LLabel;
			productName = LLabel;
			productReference = 84F367E21E9DCF5F00CF1422 /* LLabel.app */;
			productType = "com.apple.product-type.application";
		};
/* End PBXNativeTarget section */

/* Begin PBXProject section */
		84F367DA1E9DCF5F00CF1422 /* Project object */ = {
			isa = PBXProject;
			attributes = {
				LastSwiftUpdateCheck = 0820;
				LastUpgradeCheck = 0820;
				ORGANIZATIONNAME = admin;
				TargetAttributes = {
					84F367E11E9DCF5F00CF1422 = {
						CreatedOnToolsVersion = 8.2.1;
						DevelopmentTeam = NY885Z7P3W;
						ProvisioningStyle = Automatic;
					};
				};
			};
			buildConfigurationList = 84F367DD1E9DCF5F00CF1422 /* Build configuration list for PBXProject "LLabel" */;
			compatibilityVersion = "Xcode 3.2";
			developmentRegion = English;
			hasScannedForEncodings = 0;
			knownRegions = (
				en,
				Base,
			);
			mainGroup = 84F367D91E9DCF5F00CF1422;
			productRefGroup = 84F367E31E9DCF5F00CF1422 /* Products */;
			projectDirPath = "";
			projectRoot = "";
			targets = (
				84F367E11E9DCF5F00CF1422 /* LLabel */,
			);
		};
/* End PBXProject section */

/* Begin PBXResourcesBuildPhase section */
		84F367E01E9DCF5F00CF1422 /* Resources */ = {
			isa = PBXResourcesBuildPhase;
			buildActionMask = 2147483647;
			files = (
				84F367F01E9DCF5F00CF1422 /* LaunchScreen.storyboard in Resources */,
				84F367ED1E9DCF5F00CF1422 /* Assets.xcassets in Resources */,
				84F367EB1E9DCF5F00CF1422 /* Main.storyboard in Resources */,
			);
			runOnlyForDeploymentPostprocessing = 0;
		};
/* End PBXResourcesBuildPhase section */

/* Begin PBXSourcesBuildPhase section */
		84F367DE1E9DCF5F00CF1422 /* Sources */ = {
			isa = PBXSourcesBuildPhase;
			buildActionMask = 2147483647;
			files = (
				84F367E81E9DCF5F00CF1422 /* ViewController.swift in Sources */,
				84F367E61E9DCF5F00CF1422 /* AppDelegate.swift in Sources */,
				84F367FA1E9DD03F00CF1422 /* SortLabel.swift in Sources */,
				84F367F81E9DD03900CF1422 /* ScrollLabel.swift in Sources */,
			);
			runOnlyForDeploymentPostprocessing = 0;
		};
/* End PBXSourcesBuildPhase section */

/* Begin PBXVariantGroup section */
		84F367E91E9DCF5F00CF1422 /* Main.storyboard */ = {
			isa = PBXVariantGroup;
			children = (
				84F367EA1E9DCF5F00CF1422 /* Base */,
			);
			name = Main.storyboard;
			sourceTree = "<group>";
		};
		84F367EE1E9DCF5F00CF1422 /* LaunchScreen.storyboard */ = {
			isa = PBXVariantGroup;
			children = (
				84F367EF1E9DCF5F00CF1422 /* Base */,
			);
			name = LaunchScreen.storyboard;
			sourceTree = "<group>";
		};
/* End PBXVariantGroup section */

/* Begin XCBuildConfiguration section */
		84F367F21E9DCF5F00CF1422 /* Debug */ = {
			isa = XCBuildConfiguration;
			buildSettings = {
				ALWAYS_SEARCH_USER_PATHS = NO;
				CLANG_ANALYZER_NONNULL = YES;
				CLANG_CXX_LANGUAGE_STANDARD = "gnu++0x";
				CLANG_CXX_LIBRARY = "libc++";
				CLANG_ENABLE_MODULES = YES;
				CLANG_ENABLE_OBJC_ARC = YES;
				CLANG_WARN_BOOL_CONVERSION = YES;
				CLANG_WARN_CONSTANT_CONVERSION = YES;
				CLANG_WARN_DIRECT_OBJC_ISA_USAGE = YES_ERROR;
				CLANG_WARN_DOCUMENTATION_COMMENTS = YES;
				CLANG_WARN_EMPTY_BODY = YES;
				CLANG_WARN_ENUM_CONVERSION = YES;
				CLANG_WARN_INFINITE_RECURSION = YES;
				CLANG_WARN_INT_CONVERSION = YES;
				CLANG_WARN_OBJC_ROOT_CLASS = YES_ERROR;
				CLANG_WARN_SUSPICIOUS_MOVE = YES;
				CLANG_WARN_UNREACHABLE_CODE = YES;
				CLANG_WARN__DUPLICATE_METHOD_MATCH = YES;
				"CODE_SIGN_IDENTITY[sdk=iphoneos*]" = "iPhone Developer";
				COPY_PHASE_STRIP = NO;
				DEBUG_INFORMATION_FORMAT = dwarf;
				ENABLE_STRICT_OBJC_MSGSEND = YES;
				ENABLE_TESTABILITY = YES;
				GCC_C_LANGUAGE_STANDARD = gnu99;
				GCC_DYNAMIC_NO_PIC = NO;
				GCC_NO_COMMON_BLOCKS = YES;
				GCC_OPTIMIZATION_LEVEL = 0;
				GCC_PREPROCESSOR_DEFINITIONS = (
					"DEBUG=1",
					"$(inherited)",
				);
				GCC_WARN_64_TO_32_BIT_CONVERSION = YES;
				GCC_WARN_ABOUT_RETURN_TYPE = YES_ERROR;
				GCC_WARN_UNDECLARED_SELECTOR = YES;
				GCC_WARN_UNINITIALIZED_AUTOS = YES_AGGRESSIVE;
				GCC_WARN_UNUSED_FUNCTION = YES;
				GCC_WARN_UNUSED_VARIABLE = YES;
				IPHONEOS_DEPLOYMENT_TARGET = 10.2;
				MTL_ENABLE_DEBUG_INFO = YES;
				ONLY_ACTIVE_ARCH = YES;
				SDKROOT = iphoneos;
				SWIFT_ACTIVE_COMPILATION_CONDITIONS = DEBUG;
				SWIFT_OPTIMIZATION_LEVEL = "-Onone";
			};
			name = Debug;
		};
		84F367F31E9DCF5F00CF1422 /* Release */ = {
			isa = XCBuildConfiguration;
			buildSettings = {
				ALWAYS_SEARCH_USER_PATHS = NO;
				CLANG_ANALYZER_NONNULL = YES;
				CLANG_CXX_LANGUAGE_STANDARD = "gnu++0x";
				CLANG_CXX_LIBRARY = "libc++";
				CLANG_ENABLE_MODULES = YES;
				CLANG_ENABLE_OBJC_ARC = YES;
				CLANG_WARN_BOOL_CONVERSION = YES;
				CLANG_WARN_CONSTANT_CONVERSION = YES;
				CLANG_WARN_DIRECT_OBJC_ISA_USAGE = YES_ERROR;
				CLANG_WARN_DOCUMENTATION_COMMENTS = YES;
				CLANG_WARN_EMPTY_BODY = YES;
				CLANG_WARN_ENUM_CONVERSION = YES;
				CLANG_WARN_INFINITE_RECURSION = YES;
				CLANG_WARN_INT_CONVERSION = YES;
				CLANG_WARN_OBJC_ROOT_CLASS = YES_ERROR;
				CLANG_WARN_SUSPICIOUS_MOVE = YES;
				CLANG_WARN_UNREACHABLE_CODE = YES;
				CLANG_WARN__DUPLICATE_METHOD_MATCH = YES;
				"CODE_SIGN_IDENTITY[sdk=iphoneos*]" = "iPhone Developer";
				COPY_PHASE_STRIP = NO;
				DEBUG_INFORMATION_FORMAT = "dwarf-with-dsym";
				ENABLE_NS_ASSERTIONS = NO;
				ENABLE_STRICT_OBJC_MSGSEND = YES;
				GCC_C_LANGUAGE_STANDARD = gnu99;
				GCC_NO_COMMON_BLOCKS = YES;
				GCC_WARN_64_TO_32_BIT_CONVERSION = YES;
				GCC_WARN_ABOUT_RETURN_TYPE = YES_ERROR;
				GCC_WARN_UNDECLARED_SELECTOR = YES;
				GCC_WARN_UNINITIALIZED_AUTOS = YES_AGGRESSIVE;
				GCC_WARN_UNUSED_FUNCTION = YES;
				GCC_WARN_UNUSED_VARIABLE = YES;
				IPHONEOS_DEPLOYMENT_TARGET = 10.2;
				MTL_ENABLE_DEBUG_INFO = NO;
				SDKROOT = iphoneos;
				SWIFT_OPTIMIZATION_LEVEL = "-Owholemodule";
				VALIDATE_PRODUCT = YES;
			};
			name = Release;
		};
		84F367F51E9DCF5F00CF1422 /* Debug */ = {
			isa = XCBuildConfiguration;
			buildSettings = {
				ASSETCATALOG_COMPILER_APPICON_NAME = AppIcon;
				DEVELOPMENT_TEAM = NY885Z7P3W;
				INFOPLIST_FILE = LLabel/Info.plist;
				LD_RUNPATH_SEARCH_PATHS = "$(inherited) @executable_path/Frameworks";
				PRODUCT_BUNDLE_IDENTIFIER = com.zghkt.app.LLabel;
				PRODUCT_NAME = "$(TARGET_NAME)";
				SWIFT_VERSION = 3.0;
			};
			name = Debug;
		};
		84F367F61E9DCF5F00CF1422 /* Release */ = {
			isa = XCBuildConfiguration;
			buildSettings = {
				ASSETCATALOG_COMPILER_APPICON_NAME = AppIcon;
				DEVELOPMENT_TEAM = NY885Z7P3W;
				INFOPLIST_FILE = LLabel/Info.plist;
				LD_RUNPATH_SEARCH_PATHS = "$(inherited) @executable_path/Frameworks";
				PRODUCT_BUNDLE_IDENTIFIER = com.zghkt.app.LLabel;
				PRODUCT_NAME = "$(TARGET_NAME)";
				SWIFT_VERSION = 3.0;
			};
			name = Release;
		};
/* End XCBuildConfiguration section */

/* Begin XCConfigurationList section */
		84F367DD1E9DCF5F00CF1422 /* Build configuration list for PBXProject "LLabel" */ = {
			isa = XCConfigurationList;
			buildConfigurations = (
				84F367F21E9DCF5F00CF1422 /* Debug */,
				84F367F31E9DCF5F00CF1422 /* Release */,
			);
			defaultConfigurationIsVisible = 0;
			defaultConfigurationName = Release;
		};
		84F367F41E9DCF5F00CF1422 /* Build configuration list for PBXNativeTarget "LLabel" */ = {
			isa = XCConfigurationList;
			buildConfigurations = (
				84F367F51E9DCF5F00CF1422 /* Debug */,
				84F367F61E9DCF5F00CF1422 /* Release */,
			);
			defaultConfigurationIsVisible = 0;
		};
/* End XCConfigurationList section */
	};
	rootObject = 84F367DA1E9DCF5F00CF1422 /* Project object */;
}
